
Microsoft Visual Studio Solution File, Format Version 12.00
# Visual Studio Version 16
VisualStudioVersion = 16.0.31911.196
MinimumVisualStudioVersion = 10.0.40219.1
Project("{FAE04EC0-301F-11D3-BF4B-00C04F79EFBC}") = "Banka Sistemi", "Banka Sistemi\Banka Sistemi.csproj", "{B3B00A48-59C1-4C5F-8627-0493BF7D07C2}"
EndProject
Global
	GlobalSection(SolutionConfigurationPlatforms) = preSolution
		Debug|Any CPU = Debug|Any CPU
		Release|Any CPU = Release|Any CPU
	EndGlobalSection
	GlobalSection(ProjectConfigurationPlatforms) = postSolution
		{B3B00A48-59C1-4C5F-8627-0493BF7D07C2}.Debug|Any CPU.ActiveCfg = Debug|Any CPU
		{B3B00A48-59C1-4C5F-8627-0493BF7D07C2}.Debug|Any CPU.Build.0 = Debug|Any CPU
		{B3B00A48-59C1-4C5F-8627-0493BF7D07C2}.Release|Any CPU.ActiveCfg = Release|Any CPU
		{B3B00A48-59C1-4C5F-8627-0493BF7D07C2}.Release|Any CPU.Build.0 = Release|Any CPU
	EndGlobalSection
	GlobalSection(SolutionProperties) = preSolution
		HideSolutionNode = FALSE
	EndGlobalSection
	GlobalSection(ExtensibilityGlobals) = postSolution
		SolutionGuid = {2DC8D311-6108-4CEC-97CD-BD37AC01C0F2}
	EndGlobalSection
EndGlobal
